
Microsoft Visual Studio Solution File, Format Version 12.00
# Visual Studio 2012
Project("{FAE04EC0-301F-11D3-BF4B-00C04F79EFBC}") = "Shimmer3_PCApp", "Shimmer3_PCApp\Shimmer3_PCApp.csproj", "{741059D8-2F2D-47DE-98D9-1BEE24E9149E}"
EndProject
Global
	GlobalSection(SolutionConfigurationPlatforms) = preSolution
		Debug|Any CPU = Debug|Any CPU
		Release|Any CPU = Release|Any CPU
	EndGlobalSection
	GlobalSection(ProjectConfigurationPlatforms) = postSolution
		{741059D8-2F2D-47DE-98D9-1BEE24E9149E}.Debug|Any CPU.ActiveCfg = Debug|Any CPU
		{741059D8-2F2D-47DE-98D9-1BEE24E9149E}.Debug|Any CPU.Build.0 = Debug|Any CPU
		{741059D8-2F2D-47DE-98D9-1BEE24E9149E}.Release|Any CPU.ActiveCfg = Release|Any CPU
		{741059D8-2F2D-47DE-98D9-1BEE24E9149E}.Release|Any CPU.Build.0 = Release|Any CPU
	EndGlobalSection
	GlobalSection(SolutionProperties) = preSolution
		HideSolutionNode = FALSE
	EndGlobalSection
EndGlobal
